{
  "nodes": {
    "go22": {
      "locked": {
        "lastModified": 1708815994,
        "narHash": "sha256-hL7N/ut2Xu0NaDxDMsw2HagAjgDskToGiyZOWriiLYM=",
        "owner": "NixOS",
        "repo": "nixpkgs",
        "rev": "9a9dae8f6319600fa9aebde37f340975cab4b8c0",
        "type": "github"
      },
      "original": {
        "owner": "NixOS",
        "repo": "nixpkgs",
        "rev": "9a9dae8f6319600fa9aebde37f340975cab4b8c0",
        "type": "github"
      }
    },
    "nixpkgs": {
      "locked": {
        "lastModified": 1710960368,
        "narHash": "sha256-CHnNU2yzeOY2tyOWtLVLerdNCrCgwqgZsGjpHKKWGWc=",
        "owner": "NixOS",
        "repo": "nixpkgs",
        "rev": "2fe0900189c7e9561b9fffac0ad8b007244c13bc",
        "type": "github"
      },
      "original": {
        "owner": "NixOS",
        "ref": "master",
        "repo": "nixpkgs",
        "type": "github"
      }
    },
    "root": {
      "inputs": {
        "go22": "go22",
        "nixpkgs": "nixpkgs"
      }
    }
  },
  "root": "root",
  "version": 7
}
